
Microsoft Visual Studio Solution File, Format Version 12.00
# Visual Studio 15
VisualStudioVersion = 15.0.28307.572
MinimumVisualStudioVersion = 10.0.40219.1
Project("{FAE04EC0-301F-11D3-BF4B-00C04F79EFBC}") = "Marmota", "Marmota\Marmota.csproj", "{C13608F8-B30C-48C6-B0E8-963556A9DD63}"
EndProject
Global
	GlobalSection(SolutionConfigurationPlatforms) = preSolution
		Debug|Any CPU = Debug|Any CPU
		Release|Any CPU = Release|Any CPU
	EndGlobalSection
	GlobalSection(ProjectConfigurationPlatforms) = postSolution
		{C13608F8-B30C-48C6-B0E8-963556A9DD63}.Debug|Any CPU.ActiveCfg = Debug|Any CPU
		{C13608F8-B30C-48C6-B0E8-963556A9DD63}.Debug|Any CPU.Build.0 = Debug|Any CPU
		{C13608F8-B30C-48C6-B0E8-963556A9DD63}.Release|Any CPU.ActiveCfg = Release|Any CPU
		{C13608F8-B30C-48C6-B0E8-963556A9DD63}.Release|Any CPU.Build.0 = Release|Any CPU
	EndGlobalSection
	GlobalSection(SolutionProperties) = preSolution
		HideSolutionNode = FALSE
	EndGlobalSection
	GlobalSection(ExtensibilityGlobals) = postSolution
		SolutionGuid = {333FF040-AF67-4C0E-8170-D0E389CB778C}
	EndGlobalSection
EndGlobal
